{
  "name": "oneairworld-types",
  "version": "1.0.0",
  "lockfileVersion": 2,
  "requires": true,
  "packages": {
    "": {
      "name": "oneairworld-types",
      "version": "1.0.0",
      "license": "ISC",
      "dependencies": {
        "@colyseus/schema": "^1.0.45"
      }
    },
    "node_modules/@colyseus/schema": {
      "version": "1.0.45",
      "resolved": "https://registry.npmjs.org/@colyseus/schema/-/schema-1.0.45.tgz",
      "integrity": "sha512-oW8126BOZMtf0ryuoarbeSnhmthEtrwsFwLVtVmam8IhrimEi9VGPs5GNMVo+rHcnUH1x+5j9MDZNaCq5h1OdA==",
      "bin": {
        "schema-codegen": "bin/schema-codegen"
      }
    }
  },
  "dependencies": {
    "@colyseus/schema": {
      "version": "1.0.45",
      "resolved": "https://registry.npmjs.org/@colyseus/schema/-/schema-1.0.45.tgz",
      "integrity": "sha512-oW8126BOZMtf0ryuoarbeSnhmthEtrwsFwLVtVmam8IhrimEi9VGPs5GNMVo+rHcnUH1x+5j9MDZNaCq5h1OdA=="
    }
  }
}
